Microsoft Visual Studio Solution File, Format Version 12.00
# Visual Studio Version 17
VisualStudioVersion = 17.5.2.0
MinimumVisualStudioVersion = 10.0.40219.1
Project("{FAE04EC0-301F-11D3-BF4B-00C04F79EFBC}") = "SafeVaultTests", "SafeVaultTests.csproj", "{F9BF7D14-1062-95B8-186B-8D4ED0F936E4}"
EndProject
Global
	GlobalSection(SolutionConfigurationPlatforms) = preSolution
		Debug|Any CPU = Debug|Any CPU
		Release|Any CPU = Release|Any CPU
	EndGlobalSection
	GlobalSection(ProjectConfigurationPlatforms) = postSolution
		{F9BF7D14-1062-95B8-186B-8D4ED0F936E4}.Debug|Any CPU.ActiveCfg = Debug|Any CPU
		{F9BF7D14-1062-95B8-186B-8D4ED0F936E4}.Debug|Any CPU.Build.0 = Debug|Any CPU
		{F9BF7D14-1062-95B8-186B-8D4ED0F936E4}.Release|Any CPU.ActiveCfg = Release|Any CPU
		{F9BF7D14-1062-95B8-186B-8D4ED0F936E4}.Release|Any CPU.Build.0 = Release|Any CPU
	EndGlobalSection
	GlobalSection(SolutionProperties) = preSolution
		HideSolutionNode = FALSE
	EndGlobalSection
	GlobalSection(ExtensibilityGlobals) = postSolution
		SolutionGuid = {E40DBDF0-CEEB-4D3C-B6AF-714C428DFEB2}
	EndGlobalSection
EndGlobal
